{
  "name": "geohash",
  "version": "1.0.0",
  "lockfileVersion": 2,
  "requires": true,
  "packages": {
    "": {
      "name": "geohash",
      "version": "1.0.0",
      "license": "ISC",
      "dependencies": {
        "esm": "^3.2.25",
        "latlon-geohash": "^2.0.0"
      }
    },
    "node_modules/esm": {
      "version": "3.2.25",
      "resolved": "https://registry.npmjs.org/esm/-/esm-3.2.25.tgz",
      "integrity": "sha512-U1suiZ2oDVWv4zPO56S0NcR5QriEahGtdN2OR6FiOG4WJvcjBVFB0qI4+eKoWFH483PKGuLuu6V8Z4T5g63UVA==",
      "engines": {
        "node": ">=6"
      }
    },
    "node_modules/latlon-geohash": {
      "version": "2.0.0",
      "resolved": "https://registry.npmjs.org/latlon-geohash/-/latlon-geohash-2.0.0.tgz",
      "integrity": "sha512-OKBswTwrvTdtenV+9C9euBmvgGuqyjJNAzpQCarRz1m8/pYD2nz9fKkXmLs2S3jeXaLi3Ry76twQplKKUlgS/g=="
    }
  },
  "dependencies": {
    "esm": {
      "version": "3.2.25",
      "resolved": "https://registry.npmjs.org/esm/-/esm-3.2.25.tgz",
      "integrity": "sha512-U1suiZ2oDVWv4zPO56S0NcR5QriEahGtdN2OR6FiOG4WJvcjBVFB0qI4+eKoWFH483PKGuLuu6V8Z4T5g63UVA=="
    },
    "latlon-geohash": {
      "version": "2.0.0",
      "resolved": "https://registry.npmjs.org/latlon-geohash/-/latlon-geohash-2.0.0.tgz",
      "integrity": "sha512-OKBswTwrvTdtenV+9C9euBmvgGuqyjJNAzpQCarRz1m8/pYD2nz9fKkXmLs2S3jeXaLi3Ry76twQplKKUlgS/g=="
    }
  }
}
