{
  "name": "line_to_polygon",
  "version": "1.0.0",
  "lockfileVersion": 2,
  "requires": true,
  "packages": {
    "": {
      "name": "line_to_polygon",
      "version": "1.0.0",
      "license": "ISC",
      "dependencies": {
        "jsts": "^2.9.2"
      }
    },
    "node_modules/jsts": {
      "version": "2.9.2",
      "resolved": "https://registry.npmjs.org/jsts/-/jsts-2.9.2.tgz",
      "integrity": "sha512-D21Kxr0vWPZsnlGn9rrhbP1xdcudQMdrngg8gzgD0qpCUcJRzO/3jXGiLK1JzpytyjLAqvA25xXagWGC4KUNrQ==",
      "engines": {
        "node": ">= 16"
      }
    }
  },
  "dependencies": {
    "jsts": {
      "version": "2.9.2",
      "resolved": "https://registry.npmjs.org/jsts/-/jsts-2.9.2.tgz",
      "integrity": "sha512-D21Kxr0vWPZsnlGn9rrhbP1xdcudQMdrngg8gzgD0qpCUcJRzO/3jXGiLK1JzpytyjLAqvA25xXagWGC4KUNrQ=="
    }
  }
}
